
Microsoft Visual Studio Solution File, Format Version 12.00
# Visual Studio Version 16
VisualStudioVersion = 16.0.29920.165
MinimumVisualStudioVersion = 10.0.40219.1
Project("{9A19103F-16F7-4668-BE54-9A1E7A4F7556}") = "Sample.Api", "Sample.Api\Sample.Api.csproj", "{400C083B-E266-4C74-86C9-2D321C1BB79A}"
EndProject
Project("{9A19103F-16F7-4668-BE54-9A1E7A4F7556}") = "Sample.Core", "Sample.Core\Sample.Core.csproj", "{9E01281B-43A5-4A34-95CB-80D35D3B8C71}"
EndProject
Project("{9A19103F-16F7-4668-BE54-9A1E7A4F7556}") = "Sample.Domain", "Sample.Domain\Sample.Domain.csproj", "{129C692F-81D8-4BFA-850D-799B94EB7FDF}"
EndProject
Project("{9A19103F-16F7-4668-BE54-9A1E7A4F7556}") = "Sample.Infrastructure", "Sample.Infrastructure\Sample.Infrastructure.csproj", "{99F68501-38DC-48B8-80E0-9975AF2A3730}"
EndProject
Project("{FAE04EC0-301F-11D3-BF4B-00C04F79EFBC}") = "SampleApi.IntegrationTests", "SampleApi.IntegrationTests\SampleApi.IntegrationTests.csproj", "{498B25B5-E1DA-4517-B395-C61D681E6DB2}"
EndProject
Global
	GlobalSection(SolutionConfigurationPlatforms) = preSolution
		Debug|Any CPU = Debug|Any CPU
		Release|Any CPU = Release|Any CPU
	EndGlobalSection
	GlobalSection(ProjectConfigurationPlatforms) = postSolution
		{400C083B-E266-4C74-86C9-2D321C1BB79A}.Debug|Any CPU.ActiveCfg = Debug|Any CPU
		{400C083B-E266-4C74-86C9-2D321C1BB79A}.Debug|Any CPU.Build.0 = Debug|Any CPU
		{400C083B-E266-4C74-86C9-2D321C1BB79A}.Release|Any CPU.ActiveCfg = Release|Any CPU
		{400C083B-E266-4C74-86C9-2D321C1BB79A}.Release|Any CPU.Build.0 = Release|Any CPU
		{9E01281B-43A5-4A34-95CB-80D35D3B8C71}.Debug|Any CPU.ActiveCfg = Debug|Any CPU
		{9E01281B-43A5-4A34-95CB-80D35D3B8C71}.Debug|Any CPU.Build.0 = Debug|Any CPU
		{9E01281B-43A5-4A34-95CB-80D35D3B8C71}.Release|Any CPU.ActiveCfg = Release|Any CPU
		{9E01281B-43A5-4A34-95CB-80D35D3B8C71}.Release|Any CPU.Build.0 = Release|Any CPU
		{129C692F-81D8-4BFA-850D-799B94EB7FDF}.Debug|Any CPU.ActiveCfg = Debug|Any CPU
		{129C692F-81D8-4BFA-850D-799B94EB7FDF}.Debug|Any CPU.Build.0 = Debug|Any CPU
		{129C692F-81D8-4BFA-850D-799B94EB7FDF}.Release|Any CPU.ActiveCfg = Release|Any CPU
		{129C692F-81D8-4BFA-850D-799B94EB7FDF}.Release|Any CPU.Build.0 = Release|Any CPU
		{99F68501-38DC-48B8-80E0-9975AF2A3730}.Debug|Any CPU.ActiveCfg = Debug|Any CPU
		{99F68501-38DC-48B8-80E0-9975AF2A3730}.Debug|Any CPU.Build.0 = Debug|Any CPU
		{99F68501-38DC-48B8-80E0-9975AF2A3730}.Release|Any CPU.ActiveCfg = Release|Any CPU
		{99F68501-38DC-48B8-80E0-9975AF2A3730}.Release|Any CPU.Build.0 = Release|Any CPU
		{498B25B5-E1DA-4517-B395-C61D681E6DB2}.Debug|Any CPU.ActiveCfg = Debug|Any CPU
		{498B25B5-E1DA-4517-B395-C61D681E6DB2}.Debug|Any CPU.Build.0 = Debug|Any CPU
		{498B25B5-E1DA-4517-B395-C61D681E6DB2}.Release|Any CPU.ActiveCfg = Release|Any CPU
		{498B25B5-E1DA-4517-B395-C61D681E6DB2}.Release|Any CPU.Build.0 = Release|Any CPU
	EndGlobalSection
	GlobalSection(SolutionProperties) = preSolution
		HideSolutionNode = FALSE
	EndGlobalSection
	GlobalSection(ExtensibilityGlobals) = postSolution
		SolutionGuid = {108F4C3A-D4E0-49FB-8FC1-70E33319E268}
	EndGlobalSection
EndGlobal
